
Microsoft Visual Studio Solution File, Format Version 12.00
# Visual Studio Version 16
VisualStudioVersion = 16.0.32428.217
MinimumVisualStudioVersion = 10.0.40219.1
Project("{8BC9CEB8-8B4A-11D0-8D11-00A0C91BC942}") = "Funcions", "Funcions\Funcions.vcxproj", "{8CC6B1BC-7BC9-45CF-ABB4-591D31BCEBCF}"
EndProject
Project("{8BC9CEB8-8B4A-11D0-8D11-00A0C91BC942}") = "Arrays", "Arrays\Arrays.vcxproj", "{4405331E-063F-4BDB-888F-2661939CD877}"
EndProject
Global
	GlobalSection(SolutionConfigurationPlatforms) = preSolution
		Debug|x64 = Debug|x64
		Debug|x86 = Debug|x86
		Release|x64 = Release|x64
		Release|x86 = Release|x86
	EndGlobalSection
	GlobalSection(ProjectConfigurationPlatforms) = postSolution
		{8CC6B1BC-7BC9-45CF-ABB4-591D31BCEBCF}.Debug|x64.ActiveCfg = Debug|x64
		{8CC6B1BC-7BC9-45CF-ABB4-591D31BCEBCF}.Debug|x64.Build.0 = Debug|x64
		{8CC6B1BC-7BC9-45CF-ABB4-591D31BCEBCF}.Debug|x86.ActiveCfg = Debug|Win32
		{8CC6B1BC-7BC9-45CF-ABB4-591D31BCEBCF}.Debug|x86.Build.0 = Debug|Win32
		{8CC6B1BC-7BC9-45CF-ABB4-591D31BCEBCF}.Release|x64.ActiveCfg = Release|x64
		{8CC6B1BC-7BC9-45CF-ABB4-591D31BCEBCF}.Release|x64.Build.0 = Release|x64
		{8CC6B1BC-7BC9-45CF-ABB4-591D31BCEBCF}.Release|x86.ActiveCfg = Release|Win32
		{8CC6B1BC-7BC9-45CF-ABB4-591D31BCEBCF}.Release|x86.Build.0 = Release|Win32
		{4405331E-063F-4BDB-888F-2661939CD877}.Debug|x64.ActiveCfg = Debug|x64
		{4405331E-063F-4BDB-888F-2661939CD877}.Debug|x64.Build.0 = Debug|x64
		{4405331E-063F-4BDB-888F-2661939CD877}.Debug|x86.ActiveCfg = Debug|Win32
		{4405331E-063F-4BDB-888F-2661939CD877}.Debug|x86.Build.0 = Debug|Win32
		{4405331E-063F-4BDB-888F-2661939CD877}.Release|x64.ActiveCfg = Release|x64
		{4405331E-063F-4BDB-888F-2661939CD877}.Release|x64.Build.0 = Release|x64
		{4405331E-063F-4BDB-888F-2661939CD877}.Release|x86.ActiveCfg = Release|Win32
		{4405331E-063F-4BDB-888F-2661939CD877}.Release|x86.Build.0 = Release|Win32
	EndGlobalSection
	GlobalSection(SolutionProperties) = preSolution
		HideSolutionNode = FALSE
	EndGlobalSection
	GlobalSection(ExtensibilityGlobals) = postSolution
		SolutionGuid = {6B780D36-6E09-4410-8B3E-6D65ECFEAF7E}
	EndGlobalSection
EndGlobal
